{
  "meteor": {},
  "dependencies": {
    "basePackages": {
      "parse-sdk": {},
      "bootstrap-3": {}
    },
    "packages": {
      "parse-sdk": {
        "git": "https://github.com/jcastelli/meteor-parse-sdk.git",
        "tag": "v0.1.0",
        "commit": "24d214bd66513087262f2c33d5383c73bafa18e4"
      },
      "bootstrap-3": {
        "git": "https://github.com/mangasocial/meteor-bootstrap-3.git",
        "tag": "v3.1.1-1",
        "commit": "63dd38968828bb8963636df93e9a1c45e2dfe67e"
      }
    }
  }
}
